
Microsoft Visual Studio Solution File, Format Version 12.00
# Visual Studio Version 16
VisualStudioVersion = 16.0.30907.101
MinimumVisualStudioVersion = 15.0.26124.0
Project("{9A19103F-16F7-4668-BE54-9A1E7A4F7556}") = "SportsStore", "SportsStore\SportsStore.csproj", "{D2AD1BB4-227B-4D4C-A8F2-58BA11488209}"
EndProject
Project("{9A19103F-16F7-4668-BE54-9A1E7A4F7556}") = "SportsStore.Tests", "SportsStore.Tests\SportsStore.Tests.csproj", "{94ED0EAA-3C3A-42F8-8C58-052C100C59B7}"
EndProject
Global
	GlobalSection(SolutionConfigurationPlatforms) = preSolution
		Debug|Any CPU = Debug|Any CPU
		Debug|x64 = Debug|x64
		Debug|x86 = Debug|x86
		Release|Any CPU = Release|Any CPU
		Release|x64 = Release|x64
		Release|x86 = Release|x86
	EndGlobalSection
	GlobalSection(ProjectConfigurationPlatforms) = postSolution
		{D2AD1BB4-227B-4D4C-A8F2-58BA11488209}.Debug|Any CPU.ActiveCfg = Debug|Any CPU
		{D2AD1BB4-227B-4D4C-A8F2-58BA11488209}.Debug|Any CPU.Build.0 = Debug|Any CPU
		{D2AD1BB4-227B-4D4C-A8F2-58BA11488209}.Debug|x64.ActiveCfg = Debug|Any CPU
		{D2AD1BB4-227B-4D4C-A8F2-58BA11488209}.Debug|x64.Build.0 = Debug|Any CPU
		{D2AD1BB4-227B-4D4C-A8F2-58BA11488209}.Debug|x86.ActiveCfg = Debug|Any CPU
		{D2AD1BB4-227B-4D4C-A8F2-58BA11488209}.Debug|x86.Build.0 = Debug|Any CPU
		{D2AD1BB4-227B-4D4C-A8F2-58BA11488209}.Release|Any CPU.ActiveCfg = Release|Any CPU
		{D2AD1BB4-227B-4D4C-A8F2-58BA11488209}.Release|Any CPU.Build.0 = Release|Any CPU
		{D2AD1BB4-227B-4D4C-A8F2-58BA11488209}.Release|x64.ActiveCfg = Release|Any CPU
		{D2AD1BB4-227B-4D4C-A8F2-58BA11488209}.Release|x64.Build.0 = Release|Any CPU
		{D2AD1BB4-227B-4D4C-A8F2-58BA11488209}.Release|x86.ActiveCfg = Release|Any CPU
		{D2AD1BB4-227B-4D4C-A8F2-58BA11488209}.Release|x86.Build.0 = Release|Any CPU
		{94ED0EAA-3C3A-42F8-8C58-052C100C59B7}.Debug|Any CPU.ActiveCfg = Debug|Any CPU
		{94ED0EAA-3C3A-42F8-8C58-052C100C59B7}.Debug|Any CPU.Build.0 = Debug|Any CPU
		{94ED0EAA-3C3A-42F8-8C58-052C100C59B7}.Debug|x64.ActiveCfg = Debug|Any CPU
		{94ED0EAA-3C3A-42F8-8C58-052C100C59B7}.Debug|x64.Build.0 = Debug|Any CPU
		{94ED0EAA-3C3A-42F8-8C58-052C100C59B7}.Debug|x86.ActiveCfg = Debug|Any CPU
		{94ED0EAA-3C3A-42F8-8C58-052C100C59B7}.Debug|x86.Build.0 = Debug|Any CPU
		{94ED0EAA-3C3A-42F8-8C58-052C100C59B7}.Release|Any CPU.ActiveCfg = Release|Any CPU
		{94ED0EAA-3C3A-42F8-8C58-052C100C59B7}.Release|Any CPU.Build.0 = Release|Any CPU
		{94ED0EAA-3C3A-42F8-8C58-052C100C59B7}.Release|x64.ActiveCfg = Release|Any CPU
		{94ED0EAA-3C3A-42F8-8C58-052C100C59B7}.Release|x64.Build.0 = Release|Any CPU
		{94ED0EAA-3C3A-42F8-8C58-052C100C59B7}.Release|x86.ActiveCfg = Release|Any CPU
		{94ED0EAA-3C3A-42F8-8C58-052C100C59B7}.Release|x86.Build.0 = Release|Any CPU
	EndGlobalSection
	GlobalSection(SolutionProperties) = preSolution
		HideSolutionNode = FALSE
	EndGlobalSection
	GlobalSection(ExtensibilityGlobals) = postSolution
		SolutionGuid = {A059500B-7F5D-45EB-B50D-FD695672AF3E}
	EndGlobalSection
EndGlobal
